# Generated by pub
# See http://pub.dartlang.org/doc/glossary.html#lockfile
packages:
  browser:
    description: browser
    source: hosted
    version: "0.10.0+2"
  webui:
    description:
      ref: null
      resolved-ref: "38c29d48e3d0630e12743af220b6e8ee4728829a"
      url: "http://dev.ufds.lan/git/webui.git"
    source: git
    version: "2.18.0"
